
Microsoft Visual Studio Solution File, Format Version 12.00
# Visual Studio 15
VisualStudioVersion = 15.0.27004.2006
MinimumVisualStudioVersion = 10.0.40219.1
Project("{FAE04EC0-301F-11D3-BF4B-00C04F79EFBC}") = "ConsoleApp31", "ConsoleApp31\ConsoleApp31.csproj", "{1CECBBFF-5279-4651-9FDD-B18049B569CC}"
EndProject
Global
	GlobalSection(SolutionConfigurationPlatforms) = preSolution
		Debug|Any CPU = Debug|Any CPU
		Release|Any CPU = Release|Any CPU
	EndGlobalSection
	GlobalSection(ProjectConfigurationPlatforms) = postSolution
		{1CECBBFF-5279-4651-9FDD-B18049B569CC}.Debug|Any CPU.ActiveCfg = Debug|Any CPU
		{1CECBBFF-5279-4651-9FDD-B18049B569CC}.Debug|Any CPU.Build.0 = Debug|Any CPU
		{1CECBBFF-5279-4651-9FDD-B18049B569CC}.Release|Any CPU.ActiveCfg = Release|Any CPU
		{1CECBBFF-5279-4651-9FDD-B18049B569CC}.Release|Any CPU.Build.0 = Release|Any CPU
	EndGlobalSection
	GlobalSection(SolutionProperties) = preSolution
		HideSolutionNode = FALSE
	EndGlobalSection
	GlobalSection(ExtensibilityGlobals) = postSolution
		SolutionGuid = {C62F325D-DBA0-4603-8608-D821FEF0DC06}
	EndGlobalSection
EndGlobal
